
Microsoft Visual Studio Solution File, Format Version 12.00
# Visual Studio 15
VisualStudioVersion = 15.0.28307.271
MinimumVisualStudioVersion = 10.0.40219.1
Project("{9A19103F-16F7-4668-BE54-9A1E7A4F7556}") = "NetSharper", "NetSharper\NetSharper.csproj", "{3FD77C15-04EA-4266-96F2-132E8E4CAC4C}"
EndProject
Project("{9A19103F-16F7-4668-BE54-9A1E7A4F7556}") = "NetSharper.Test", "NetSharper.Test\NetSharper.Test.csproj", "{E16A5AF7-3D68-498A-9B84-0661BE0860FD}"
EndProject
Global
	GlobalSection(SolutionConfigurationPlatforms) = preSolution
		Debug|Any CPU = Debug|Any CPU
		Release|Any CPU = Release|Any CPU
	EndGlobalSection
	GlobalSection(ProjectConfigurationPlatforms) = postSolution
		{3FD77C15-04EA-4266-96F2-132E8E4CAC4C}.Debug|Any CPU.ActiveCfg = Debug|Any CPU
		{3FD77C15-04EA-4266-96F2-132E8E4CAC4C}.Debug|Any CPU.Build.0 = Debug|Any CPU
		{3FD77C15-04EA-4266-96F2-132E8E4CAC4C}.Release|Any CPU.ActiveCfg = Release|Any CPU
		{3FD77C15-04EA-4266-96F2-132E8E4CAC4C}.Release|Any CPU.Build.0 = Release|Any CPU
		{E16A5AF7-3D68-498A-9B84-0661BE0860FD}.Debug|Any CPU.ActiveCfg = Debug|Any CPU
		{E16A5AF7-3D68-498A-9B84-0661BE0860FD}.Debug|Any CPU.Build.0 = Debug|Any CPU
		{E16A5AF7-3D68-498A-9B84-0661BE0860FD}.Release|Any CPU.ActiveCfg = Release|Any CPU
		{E16A5AF7-3D68-498A-9B84-0661BE0860FD}.Release|Any CPU.Build.0 = Release|Any CPU
	EndGlobalSection
	GlobalSection(SolutionProperties) = preSolution
		HideSolutionNode = FALSE
	EndGlobalSection
	GlobalSection(ExtensibilityGlobals) = postSolution
		SolutionGuid = {12D94C86-1EBE-46E7-85AD-6DDB80515F2E}
	EndGlobalSection
EndGlobal
